
Microsoft Visual Studio Solution File, Format Version 12.00
# Visual Studio 2012
Project("{FAE04EC0-301F-11D3-BF4B-00C04F79EFBC}") = "Upload2SP", "Upload2SP\Upload2SP.csproj", "{2E5CC877-AC25-4D2D-8536-3B8ABE5CB2C6}"
EndProject
Project("{FAE04EC0-301F-11D3-BF4B-00C04F79EFBC}") = "TestRegisteredDrawingUpload", "TestRegisteredDrawingUpload\TestRegisteredDrawingUpload.csproj", "{E9DA00A3-7D0D-43F1-80D8-2BA14193402E}"
EndProject
Global
	GlobalSection(SolutionConfigurationPlatforms) = preSolution
		Debug|Any CPU = Debug|Any CPU
		Release|Any CPU = Release|Any CPU
	EndGlobalSection
	GlobalSection(ProjectConfigurationPlatforms) = postSolution
		{2E5CC877-AC25-4D2D-8536-3B8ABE5CB2C6}.Debug|Any CPU.ActiveCfg = Debug|Any CPU
		{2E5CC877-AC25-4D2D-8536-3B8ABE5CB2C6}.Debug|Any CPU.Build.0 = Debug|Any CPU
		{2E5CC877-AC25-4D2D-8536-3B8ABE5CB2C6}.Release|Any CPU.ActiveCfg = Release|Any CPU
		{2E5CC877-AC25-4D2D-8536-3B8ABE5CB2C6}.Release|Any CPU.Build.0 = Release|Any CPU
		{E9DA00A3-7D0D-43F1-80D8-2BA14193402E}.Debug|Any CPU.ActiveCfg = Debug|Any CPU
		{E9DA00A3-7D0D-43F1-80D8-2BA14193402E}.Debug|Any CPU.Build.0 = Debug|Any CPU
		{E9DA00A3-7D0D-43F1-80D8-2BA14193402E}.Release|Any CPU.ActiveCfg = Release|Any CPU
		{E9DA00A3-7D0D-43F1-80D8-2BA14193402E}.Release|Any CPU.Build.0 = Release|Any CPU
	EndGlobalSection
	GlobalSection(SolutionProperties) = preSolution
		HideSolutionNode = FALSE
	EndGlobalSection
EndGlobal
